
Microsoft Visual Studio Solution File, Format Version 11.00
# Visual Studio 2010
Project("{FAE04EC0-301F-11D3-BF4B-00C04F79EFBC}") = "Codeblast.SimpleDataTable", "Codeblast.SimpleDataTable\Codeblast.SimpleDataTable.csproj", "{F33C5494-1CA3-484C-8A24-C2AA83E21184}"
EndProject
Project("{FAE04EC0-301F-11D3-BF4B-00C04F79EFBC}") = "Codeblast.SimpleDataTable.SampleConsole", "Codeblast.SimpleDataTable.SampleConsole\Codeblast.SimpleDataTable.SampleConsole.csproj", "{CAF98F40-F297-4C2C-AE9F-4DC1ED90CA57}"
EndProject
Project("{FAE04EC0-301F-11D3-BF4B-00C04F79EFBC}") = "Codeblast.SimpleDataTable.Tests", "Codeblast.SimpleDataTable.Tests\Codeblast.SimpleDataTable.Tests.csproj", "{3F80C388-A3BE-44B2-A14C-5ABE5879CCED}"
EndProject
Project("{2150E333-8FDC-42A3-9474-1A3956D46DE8}") = ".nuget", ".nuget", "{F4107C58-230F-47EC-B941-02B02AC2BD07}"
	ProjectSection(SolutionItems) = preProject
		.nuget\NuGet.exe = .nuget\NuGet.exe
		.nuget\NuGet.targets = .nuget\NuGet.targets
	EndProjectSection
EndProject
Global
	GlobalSection(SolutionConfigurationPlatforms) = preSolution
		Debug|Any CPU = Debug|Any CPU
		Debug|Mixed Platforms = Debug|Mixed Platforms
		Debug|x86 = Debug|x86
		Release|Any CPU = Release|Any CPU
		Release|Mixed Platforms = Release|Mixed Platforms
		Release|x86 = Release|x86
	EndGlobalSection
	GlobalSection(ProjectConfigurationPlatforms) = postSolution
		{F33C5494-1CA3-484C-8A24-C2AA83E21184}.Debug|Any CPU.ActiveCfg = Debug|Any CPU
		{F33C5494-1CA3-484C-8A24-C2AA83E21184}.Debug|Any CPU.Build.0 = Debug|Any CPU
		{F33C5494-1CA3-484C-8A24-C2AA83E21184}.Debug|Mixed Platforms.ActiveCfg = Debug|Any CPU
		{F33C5494-1CA3-484C-8A24-C2AA83E21184}.Debug|Mixed Platforms.Build.0 = Debug|Any CPU
		{F33C5494-1CA3-484C-8A24-C2AA83E21184}.Debug|x86.ActiveCfg = Debug|Any CPU
		{F33C5494-1CA3-484C-8A24-C2AA83E21184}.Release|Any CPU.ActiveCfg = Release|Any CPU
		{F33C5494-1CA3-484C-8A24-C2AA83E21184}.Release|Any CPU.Build.0 = Release|Any CPU
		{F33C5494-1CA3-484C-8A24-C2AA83E21184}.Release|Mixed Platforms.ActiveCfg = Release|Any CPU
		{F33C5494-1CA3-484C-8A24-C2AA83E21184}.Release|Mixed Platforms.Build.0 = Release|Any CPU
		{F33C5494-1CA3-484C-8A24-C2AA83E21184}.Release|x86.ActiveCfg = Release|Any CPU
		{CAF98F40-F297-4C2C-AE9F-4DC1ED90CA57}.Debug|Any CPU.ActiveCfg = Debug|x86
		{CAF98F40-F297-4C2C-AE9F-4DC1ED90CA57}.Debug|Mixed Platforms.ActiveCfg = Debug|x86
		{CAF98F40-F297-4C2C-AE9F-4DC1ED90CA57}.Debug|Mixed Platforms.Build.0 = Debug|x86
		{CAF98F40-F297-4C2C-AE9F-4DC1ED90CA57}.Debug|x86.ActiveCfg = Debug|x86
		{CAF98F40-F297-4C2C-AE9F-4DC1ED90CA57}.Debug|x86.Build.0 = Debug|x86
		{CAF98F40-F297-4C2C-AE9F-4DC1ED90CA57}.Release|Any CPU.ActiveCfg = Release|x86
		{CAF98F40-F297-4C2C-AE9F-4DC1ED90CA57}.Release|Mixed Platforms.ActiveCfg = Release|x86
		{CAF98F40-F297-4C2C-AE9F-4DC1ED90CA57}.Release|Mixed Platforms.Build.0 = Release|x86
		{CAF98F40-F297-4C2C-AE9F-4DC1ED90CA57}.Release|x86.ActiveCfg = Release|x86
		{CAF98F40-F297-4C2C-AE9F-4DC1ED90CA57}.Release|x86.Build.0 = Release|x86
		{3F80C388-A3BE-44B2-A14C-5ABE5879CCED}.Debug|Any CPU.ActiveCfg = Debug|Any CPU
		{3F80C388-A3BE-44B2-A14C-5ABE5879CCED}.Debug|Any CPU.Build.0 = Debug|Any CPU
		{3F80C388-A3BE-44B2-A14C-5ABE5879CCED}.Debug|Mixed Platforms.ActiveCfg = Debug|Any CPU
		{3F80C388-A3BE-44B2-A14C-5ABE5879CCED}.Debug|Mixed Platforms.Build.0 = Debug|Any CPU
		{3F80C388-A3BE-44B2-A14C-5ABE5879CCED}.Debug|x86.ActiveCfg = Debug|Any CPU
		{3F80C388-A3BE-44B2-A14C-5ABE5879CCED}.Release|Any CPU.ActiveCfg = Release|Any CPU
		{3F80C388-A3BE-44B2-A14C-5ABE5879CCED}.Release|Any CPU.Build.0 = Release|Any CPU
		{3F80C388-A3BE-44B2-A14C-5ABE5879CCED}.Release|Mixed Platforms.ActiveCfg = Release|Any CPU
		{3F80C388-A3BE-44B2-A14C-5ABE5879CCED}.Release|Mixed Platforms.Build.0 = Release|Any CPU
		{3F80C388-A3BE-44B2-A14C-5ABE5879CCED}.Release|x86.ActiveCfg = Release|Any CPU
	EndGlobalSection
	GlobalSection(SolutionProperties) = preSolution
		HideSolutionNode = FALSE
	EndGlobalSection
EndGlobal
